# This file is automatically @generated by Wally.
# It is not intended for manual editing.
registry = "test"

[[package]]
name = "apex-games/tycoon-template"
version = "0.1.0"
dependencies = [["Charm", "littensy/charm@0.11.0-rc.4"], ["EnumList", "sleitnick/enum-list@2.1.0"], ["FSpring", "egomoose/fractality-spring@0.2.0"], ["ForgeVFX", "zilibobi/forge-vfx@2.4.0"], ["Gizmo", "jakeywastaken/imgizmo@3.6.0"], ["Konsole", "kyrorblx/konsole@0.1.11"], ["Lori", "kyrorblx/lori@0.1.7"], ["MoonPlayer", "outofbears/moon-player@0.1.2"], ["Net", "sleitnick/net@0.2.0"], ["Observers", "sleitnick/observers@0.3.4"], ["Option", "sleitnick/option@1.0.5"], ["PatchCameraModule", "egomoose/patch-cameramodule@0.2.1"], ["Sift", "csqrl/sift@0.0.8"], ["Signal", "sleitnick/signal@2.0.3"], ["TaskQueue", "sleitnick/task-queue@1.0.0"], ["UILabs", "pepeeltoro41/ui-labs@2.4.1"], ["UntypedPromise", "evaera/promise@4.0.0"], ["t", "osyrisrblx/t@3.1.1"], ["ProfileStore", "lm-loleris/profilestore@1.0.3"]]

[[package]]
name = "csqrl/sift"
version = "0.0.8"
dependencies = []

[[package]]
name = "egomoose/fractality-spring"
version = "0.2.0"
dependencies = []

[[package]]
name = "egomoose/patch-cameramodule"
version = "0.2.1"
dependencies = []

[[package]]
name = "evaera/promise"
version = "4.0.0"
dependencies = []

[[package]]
name = "jakeywastaken/imgizmo"
version = "3.6.0"
dependencies = []

[[package]]
name = "kyrorblx/konsole"
version = "0.1.11"
dependencies = []

[[package]]
name = "kyrorblx/lori"
version = "0.1.7"
dependencies = []

[[package]]
name = "littensy/charm"
version = "0.11.0-rc.4"
dependencies = []

[[package]]
name = "lm-loleris/profilestore"
version = "1.0.3"
dependencies = []

[[package]]
name = "osyrisrblx/t"
version = "3.1.1"
dependencies = []

[[package]]
name = "outofbears/moon-player"
version = "0.1.2"
dependencies = []

[[package]]
name = "pepeeltoro41/ui-labs"
version = "2.4.1"
dependencies = []

[[package]]
name = "sleitnick/enum-list"
version = "2.1.0"
dependencies = []

[[package]]
name = "sleitnick/net"
version = "0.2.0"
dependencies = []

[[package]]
name = "sleitnick/observers"
version = "0.3.4"
dependencies = []

[[package]]
name = "sleitnick/option"
version = "1.0.5"
dependencies = []

[[package]]
name = "sleitnick/signal"
version = "2.0.3"
dependencies = []

[[package]]
name = "sleitnick/task-queue"
version = "1.0.0"
dependencies = []

[[package]]
name = "zilibobi/forge-vfx"
version = "2.4.0"
dependencies = []
